
Microsoft Visual Studio Solution File, Format Version 12.00
# Visual Studio Version 16
VisualStudioVersion = 16.0.32510.428
MinimumVisualStudioVersion = 10.0.40219.1
Project("{8BC9CEB8-8B4A-11D0-8D11-00A0C91BC942}") = "QTSetupPlugin", "QTSetupPlugin.vcxproj", "{370501D4-887C-43E5-9497-3CEC40B49472}"
EndProject
Global
	GlobalSection(SolutionConfigurationPlatforms) = preSolution
		Debug|x86 = Debug|x86
		Release|x86 = Release|x86
	EndGlobalSection
	GlobalSection(ProjectConfigurationPlatforms) = postSolution
		{370501D4-887C-43E5-9497-3CEC40B49472}.Debug|x86.ActiveCfg = Debug|Win32
		{370501D4-887C-43E5-9497-3CEC40B49472}.Debug|x86.Build.0 = Debug|Win32
		{370501D4-887C-43E5-9497-3CEC40B49472}.Release|x86.ActiveCfg = Release|Win32
		{370501D4-887C-43E5-9497-3CEC40B49472}.Release|x86.Build.0 = Release|Win32
	EndGlobalSection
	GlobalSection(SolutionProperties) = preSolution
		HideSolutionNode = FALSE
	EndGlobalSection
	GlobalSection(ExtensibilityGlobals) = postSolution
		SolutionGuid = {37CB1F50-1F01-4267-889B-C791ACAF749A}
	EndGlobalSection
EndGlobal
